
Microsoft Visual Studio Solution File, Format Version 12.00
# Visual Studio Version 17
VisualStudioVersion = 17.2.32519.379
MinimumVisualStudioVersion = 10.0.40219.1
Project("{FAE04EC0-301F-11D3-BF4B-00C04F79EFBC}") = "TicTacToe", "TicTacToe.csproj", "{8612220C-5C8B-4A90-A47D-6B7E02740C64}"
EndProject
Global
	GlobalSection(SolutionConfigurationPlatforms) = preSolution
		Debug|Any CPU = Debug|Any CPU
		Release|Any CPU = Release|Any CPU
	EndGlobalSection
	GlobalSection(ProjectConfigurationPlatforms) = postSolution
		{8612220C-5C8B-4A90-A47D-6B7E02740C64}.Debug|Any CPU.ActiveCfg = Debug|Any CPU
		{8612220C-5C8B-4A90-A47D-6B7E02740C64}.Debug|Any CPU.Build.0 = Debug|Any CPU
		{8612220C-5C8B-4A90-A47D-6B7E02740C64}.Release|Any CPU.ActiveCfg = Release|Any CPU
		{8612220C-5C8B-4A90-A47D-6B7E02740C64}.Release|Any CPU.Build.0 = Release|Any CPU
	EndGlobalSection
	GlobalSection(SolutionProperties) = preSolution
		HideSolutionNode = FALSE
	EndGlobalSection
	GlobalSection(ExtensibilityGlobals) = postSolution
		SolutionGuid = {1B42ADD6-FAA6-4858-AD64-EFE5E7E42225}
	EndGlobalSection
EndGlobal
